
Microsoft Visual Studio Solution File, Format Version 12.00
# Visual Studio Version 17
VisualStudioVersion = 17.4.33110.190
MinimumVisualStudioVersion = 10.0.40219.1
Project("{FAE04EC0-301F-11D3-BF4B-00C04F79EFBC}") = "Api_actualizada", "Api_actualizada\Api_actualizada.csproj", "{6F1CDCC6-CEC6-4BFF-B8E2-AC2E09D0041D}"
EndProject
Global
	GlobalSection(SolutionConfigurationPlatforms) = preSolution
		Debug|Any CPU = Debug|Any CPU
		Release|Any CPU = Release|Any CPU
	EndGlobalSection
	GlobalSection(ProjectConfigurationPlatforms) = postSolution
		{6F1CDCC6-CEC6-4BFF-B8E2-AC2E09D0041D}.Debug|Any CPU.ActiveCfg = Debug|Any CPU
		{6F1CDCC6-CEC6-4BFF-B8E2-AC2E09D0041D}.Debug|Any CPU.Build.0 = Debug|Any CPU
		{6F1CDCC6-CEC6-4BFF-B8E2-AC2E09D0041D}.Release|Any CPU.ActiveCfg = Release|Any CPU
		{6F1CDCC6-CEC6-4BFF-B8E2-AC2E09D0041D}.Release|Any CPU.Build.0 = Release|Any CPU
	EndGlobalSection
	GlobalSection(SolutionProperties) = preSolution
		HideSolutionNode = FALSE
	EndGlobalSection
	GlobalSection(ExtensibilityGlobals) = postSolution
		SolutionGuid = {04B587ED-34D3-495C-A4AE-B7487B7DE9A1}
	EndGlobalSection
EndGlobal
